
Microsoft Visual Studio Solution File, Format Version 12.00
# Visual Studio 2012
Project("{FAE04EC0-301F-11D3-BF4B-00C04F79EFBC}") = "Leetcode", "Leetcode.csproj", "{CC793BA4-93D1-46C1-86B3-EE9535E42A9F}"
EndProject
Global
	GlobalSection(SolutionConfigurationPlatforms) = preSolution
		Debug|x86 = Debug|x86
		Release|x86 = Release|x86
	EndGlobalSection
	GlobalSection(ProjectConfigurationPlatforms) = postSolution
		{CC793BA4-93D1-46C1-86B3-EE9535E42A9F}.Debug|x86.ActiveCfg = Debug|x86
		{CC793BA4-93D1-46C1-86B3-EE9535E42A9F}.Debug|x86.Build.0 = Debug|x86
		{CC793BA4-93D1-46C1-86B3-EE9535E42A9F}.Release|x86.ActiveCfg = Release|x86
		{CC793BA4-93D1-46C1-86B3-EE9535E42A9F}.Release|x86.Build.0 = Release|x86
	EndGlobalSection
EndGlobal
