Microsoft Visual Studio Solution File, Format Version 12.00
# Visual Studio 15
VisualStudioVersion = 15.0.26430.15
MinimumVisualStudioVersion = 10.0.40219.1
Project("{FAE04EC0-301F-11D3-BF4B-00C04F79EFBC}") = "Leetcode", "Leetcode.csproj", "{CC793BA4-93D1-46C1-86B3-EE9535E42A9F}"
EndProject
Project("{FAE04EC0-301F-11D3-BF4B-00C04F79EFBC}") = "LeetcodeTests", "..\LeetcodeTests\LeetcodeTests.csproj", "{747EE371-878C-4B2A-B462-4D9A0D00A5AA}"
EndProject
Global
	GlobalSection(SolutionConfigurationPlatforms) = preSolution
		Debug|Any CPU = Debug|Any CPU
		Debug|x86 = Debug|x86
		Release|Any CPU = Release|Any CPU
		Release|x86 = Release|x86
	EndGlobalSection
	GlobalSection(ProjectConfigurationPlatforms) = postSolution
		{CC793BA4-93D1-46C1-86B3-EE9535E42A9F}.Debug|Any CPU.ActiveCfg = Debug|x86
		{CC793BA4-93D1-46C1-86B3-EE9535E42A9F}.Debug|x86.ActiveCfg = Debug|x86
		{CC793BA4-93D1-46C1-86B3-EE9535E42A9F}.Debug|x86.Build.0 = Debug|x86
		{CC793BA4-93D1-46C1-86B3-EE9535E42A9F}.Release|Any CPU.ActiveCfg = Release|x86
		{CC793BA4-93D1-46C1-86B3-EE9535E42A9F}.Release|x86.ActiveCfg = Release|x86
		{CC793BA4-93D1-46C1-86B3-EE9535E42A9F}.Release|x86.Build.0 = Release|x86
		{747EE371-878C-4B2A-B462-4D9A0D00A5AA}.Debug|Any CPU.ActiveCfg = Debug|Any CPU
		{747EE371-878C-4B2A-B462-4D9A0D00A5AA}.Debug|Any CPU.Build.0 = Debug|Any CPU
		{747EE371-878C-4B2A-B462-4D9A0D00A5AA}.Debug|x86.ActiveCfg = Debug|Any CPU
		{747EE371-878C-4B2A-B462-4D9A0D00A5AA}.Debug|x86.Build.0 = Debug|Any CPU
		{747EE371-878C-4B2A-B462-4D9A0D00A5AA}.Release|Any CPU.ActiveCfg = Release|Any CPU
		{747EE371-878C-4B2A-B462-4D9A0D00A5AA}.Release|Any CPU.Build.0 = Release|Any CPU
		{747EE371-878C-4B2A-B462-4D9A0D00A5AA}.Release|x86.ActiveCfg = Release|Any CPU
		{747EE371-878C-4B2A-B462-4D9A0D00A5AA}.Release|x86.Build.0 = Release|Any CPU
	EndGlobalSection
	GlobalSection(SolutionProperties) = preSolution
		HideSolutionNode = FALSE
	EndGlobalSection
EndGlobal
